github.com/chrede88/qubt v1.2.6 h1:zTg+AbtyS6S+2xzeGEaKlWCxYc/d0wVJjPMpmjW0Eis=
github.com/chrede88/qubt v1.2.6/go.mod h1:h/fOqEMamJzVqwoguCa024jeQHesr0i9HC2vDUMJ6B8=
github.com/hugomods/google-analytics v0.2.0 h1:ziRPsDMYKAmvfl6ofthJdmXq0w10yxNKI/dF0vbcX0k=
github.com/hugomods/google-analytics v0.2.0/go.mod h1:Q89C3HmPHn2m2VT1INfnLwkpDyyYRLRIPitLA/aFIy8=
github.com/hugomods/gravatar v0.2.0 h1:642HNhGN7Mw7qefNcUFJKzLoT2zJKt4IQkrS53mIUfA=
github.com/hugomods/gravatar v0.2.0/go.mod h1:oATWuh5u2XUK/ZKzOD0VEP5I/TZfVZwplTyhT61Q4Fc=
